// !$*UTF8*$!
{
	archiveVersion = 1;
	classes = {
	};
	objectVersion = 50;
	objects = {

/* Begin PBXBuildFile section */
		027D9B5F20AF158F00FDD319 /* AppDelegate.m in Sources */ = {isa = PBXBuildFile; fileRef = 027D9B5E20AF158F00FDD319 /* AppDelegate.m */; };
		027D9B6220AF158F00FDD319 /* InitialViewController.m in Sources */ = {isa = PBXBuildFile; fileRef = 027D9B6120AF158F00FDD319 /* InitialViewController.m */; };
		027D9B6520AF158F00FDD319 /* Main.storyboard in Resources */ = {isa = PBXBuildFile; fileRef = 027D9B6320AF158F00FDD319 /* Main.storyboard */; };
		027D9B6720AF159000FDD319 /* Assets.xcassets in Resources */ = {isa = PBXBuildFile; fileRef = 027D9B6620AF159000FDD319 /* Assets.xcassets */; };
		027D9B6A20AF159000FDD319 /* LaunchScreen.storyboard in Resources */ = {isa = PBXBuildFile; fileRef = 027D9B6820AF159000FDD319 /* LaunchScreen.storyboard */; };
		027D9B6D20AF159000FDD319 /* main.m in Sources */ = {isa = PBXBuildFile; fileRef = 027D9B6C20AF159000FDD319 /* main.m */; };
		027D9B7620AF203C00FDD319 /* MarkerViewController.m in Sources */ = {isa = PBXBuildFile; fileRef = 027D9B7520AF203C00FDD319 /* MarkerViewController.m */; };
		027D9B7920AF234600FDD319 /* MarkerItemCollectionViewCell.m in Sources */ = {isa = PBXBuildFile; fileRef = 027D9B7820AF234600FDD319 /* MarkerItemCollectionViewCell.m */; };
/* End PBXBuildFile section */

/* Begin PBXFileReference section */
		027D9B5A20AF158F00FDD319 /* truco.app */ = {isa = PBXFileReference; explicitFileType = wrapper.application; includeInIndex = 0; path = truco.app; sourceTree = BUILT_PRODUCTS_DIR; };
		027D9B5D20AF158F00FDD319 /* AppDelegate.h */ = {isa = PBXFileReference; lastKnownFileType = sourcecode.c.h; path = AppDelegate.h; sourceTree = "<group>"; };
		027D9B5E20AF158F00FDD319 /* AppDelegate.m */ = {isa = PBXFileReference; lastKnownFileType = sourcecode.c.objc; path = AppDelegate.m; sourceTree = "<group>"; };
		027D9B6020AF158F00FDD319 /* InitialViewController.h */ = {isa = PBXFileReference; lastKnownFileType = sourcecode.c.h; path = InitialViewController.h; sourceTree = "<group>"; };
		027D9B6120AF158F00FDD319 /* InitialViewController.m */ = {isa = PBXFileReference; lastKnownFileType = sourcecode.c.objc; path = InitialViewController.m; sourceTree = "<group>"; };
		027D9B6420AF158F00FDD319 /* Base */ = {isa = PBXFileReference; lastKnownFileType = file.storyboard; name = Base; path = Base.lproj/Main.storyboard; sourceTree = "<group>"; };
		027D9B6620AF159000FDD319 /* Assets.xcassets */ = {isa = PBXFileReference; lastKnownFileType = folder.assetcatalog; path = Assets.xcassets; sourceTree = "<group>"; };
		027D9B6920AF159000FDD319 /* Base */ = {isa = PBXFileReference; lastKnownFileType = file.storyboard; name = Base; path = Base.lproj/LaunchScreen.storyboard; sourceTree = "<group>"; };
		027D9B6B20AF159000FDD319 /* Info.plist */ = {isa = PBXFileReference; lastKnownFileType = text.plist.xml; path = Info.plist; sourceTree = "<group>"; };
		027D9B6C20AF159000FDD319 /* main.m */ = {isa = PBXFileReference; lastKnownFileType = sourcecode.c.objc; path = main.m; sourceTree = "<group>"; };
		027D9B7420AF203C00FDD319 /* MarkerViewController.h */ = {isa = PBXFileReference; lastKnownFileType = sourcecode.c.h; path = MarkerViewController.h; sourceTree = "<group>"; };
		027D9B7520AF203C00FDD319 /* MarkerViewController.m */ = {isa = PBXFileReference; lastKnownFileType = sourcecode.c.objc; path = MarkerViewController.m; sourceTree = "<group>"; };
		027D9B7720AF234600FDD319 /* MarkerItemCollectionViewCell.h */ = {isa = PBXFileReference; lastKnownFileType = sourcecode.c.h; path = MarkerItemCollectionViewCell.h; sourceTree = "<group>"; };
		027D9B7820AF234600FDD319 /* MarkerItemCollectionViewCell.m */ = {isa = PBXFileReference; lastKnownFileType = sourcecode.c.objc; path = MarkerItemCollectionViewCell.m; sourceTree = "<group>"; };
/* End PBXFileReference section */

/* Begin PBXFrameworksBuildPhase section */
		027D9B5720AF158F00FDD319 /* Frameworks */ = {
			isa = PBXFrameworksBuildPhase;
			buildActionMask = 2147483647;
			files = (
			);
			runOnlyForDeploymentPostprocessing = 0;
		};
/* End PBXFrameworksBuildPhase section */

/* Begin PBXGroup section */
		027D9B5120AF158F00FDD319 = {
			isa = PBXGroup;
			children = (
				027D9B5C20AF158F00FDD319 /* truco */,
				027D9B5B20AF158F00FDD319 /* Products */,
			);
			sourceTree = "<group>";
		};
		027D9B5B20AF158F00FDD319 /* Products */ = {
			isa = PBXGroup;
			children = (
				027D9B5A20AF158F00FDD319 /* truco.app */,
			);
			name = Products;
			sourceTree = "<group>";
		};
		027D9B5C20AF158F00FDD319 /* truco */ = {
			isa = PBXGroup;
			children = (
				027D9B5D20AF158F00FDD319 /* AppDelegate.h */,
				027D9B5E20AF158F00FDD319 /* AppDelegate.m */,
				027D9B6020AF158F00FDD319 /* InitialViewController.h */,
				027D9B6120AF158F00FDD319 /* InitialViewController.m */,
				027D9B7420AF203C00FDD319 /* MarkerViewController.h */,
				027D9B7520AF203C00FDD319 /* MarkerViewController.m */,
				027D9B7720AF234600FDD319 /* MarkerItemCollectionViewCell.h */,
				027D9B7820AF234600FDD319 /* MarkerItemCollectionViewCell.m */,
				027D9B6320AF158F00FDD319 /* Main.storyboard */,
				027D9B6620AF159000FDD319 /* Assets.xcassets */,
				027D9B6820AF159000FDD319 /* LaunchScreen.storyboard */,
				027D9B6B20AF159000FDD319 /* Info.plist */,
				027D9B6C20AF159000FDD319 /* main.m */,
			);
			path = truco;
			sourceTree = "<group>";
		};
/* End PBXGroup section */

/* Begin PBXNativeTarget section */
		027D9B5920AF158F00FDD319 /* truco */ = {
			isa = PBXNativeTarget;
			buildConfigurationList = 027D9B7020AF159000FDD319 /* Build configuration list for PBXNativeTarget "truco" */;
			buildPhases = (
				027D9B5620AF158F00FDD319 /* Sources */,
				027D9B5720AF158F00FDD319 /* Frameworks */,
				027D9B5820AF158F00FDD319 /* Resources */,
			);
			buildRules = (
			);
			dependencies = (
			);
			name = truco;
			productName = truco;
			productReference = 027D9B5A20AF158F00FDD319 /* truco.app */;
			productType = "com.apple.product-type.application";
		};
/* End PBXNativeTarget section */

/* Begin PBXProject section */
		027D9B5220AF158F00FDD319 /* Project object */ = {
			isa = PBXProject;
			attributes = {
				LastUpgradeCheck = 0930;
				ORGANIZATIONNAME = RobertoOliveira;
				TargetAttributes = {
					027D9B5920AF158F00FDD319 = {
						CreatedOnToolsVersion = 9.3;
					};
				};
			};
			buildConfigurationList = 027D9B5520AF158F00FDD319 /* Build configuration list for PBXProject "truco" */;
			compatibilityVersion = "Xcode 9.3";
			developmentRegion = en;
			hasScannedForEncodings = 0;
			knownRegions = (
				en,
				Base,
			);
			mainGroup = 027D9B5120AF158F00FDD319;
			productRefGroup = 027D9B5B20AF158F00FDD319 /* Products */;
			projectDirPath = "";
			projectRoot = "";
			targets = (
				027D9B5920AF158F00FDD319 /* truco */,
			);
		};
/* End PBXProject section */

/* Begin PBXResourcesBuildPhase section */
		027D9B5820AF158F00FDD319 /* Resources */ = {
			isa = PBXResourcesBuildPhase;
			buildActionMask = 2147483647;
			files = (
				027D9B6A20AF159000FDD319 /* LaunchScreen.storyboard in Resources */,
				027D9B6720AF159000FDD319 /* Assets.xcassets in Resources */,
				027D9B6520AF158F00FDD319 /* Main.storyboard in Resources */,
			);
			runOnlyForDeploymentPostprocessing = 0;
		};
/* End PBXResourcesBuildPhase section */

/* Begin PBXSourcesBuildPhase section */
		027D9B5620AF158F00FDD319 /* Sources */ = {
			isa = PBXSourcesBuildPhase;
			buildActionMask = 2147483647;
			files = (
				027D9B6220AF158F00FDD319 /* InitialViewController.m in Sources */,
				027D9B6D20AF159000FDD319 /* main.m in Sources */,
				027D9B7620AF203C00FDD319 /* MarkerViewController.m in Sources */,
				027D9B5F20AF158F00FDD319 /* AppDelegate.m in Sources */,
				027D9B7920AF234600FDD319 /* MarkerItemCollectionViewCell.m in Sources */,
			);
			runOnlyForDeploymentPostprocessing = 0;
		};
/* End PBXSourcesBuildPhase section */

/* Begin PBXVariantGroup section */
		027D9B6320AF158F00FDD319 /* Main.storyboard */ = {
			isa = PBXVariantGroup;
			children = (
				027D9B6420AF158F00FDD319 /* Base */,
			);
			name = Main.storyboard;
			sourceTree = "<group>";
		};
		027D9B6820AF159000FDD319 /* LaunchScreen.storyboard */ = {
			isa = PBXVariantGroup;
			children = (
				027D9B6920AF159000FDD319 /* Base */,
			);
			name = LaunchScreen.storyboard;
			sourceTree = "<group>";
		};
/* End PBXVariantGroup section */

/* Begin XCBuildConfiguration section */
		027D9B6E20AF159000FDD319 /* Debug */ = {
			isa = XCBuildConfiguration;
			buildSettings = {
				ALWAYS_SEARCH_USER_PATHS = NO;
				CLANG_ANALYZER_NONNULL = YES;
				CLANG_ANALYZER_NUMBER_OBJECT_CONVERSION = YES_AGGRESSIVE;
				CLANG_CXX_LANGUAGE_STANDARD = "gnu++14";
				CLANG_CXX_LIBRARY = "libc++";
				CLANG_ENABLE_MODULES = YES;
				CLANG_ENABLE_OBJC_ARC = YES;
				CLANG_ENABLE_OBJC_WEAK = YES;
				CLANG_WARN_BLOCK_CAPTURE_AUTORELEASING = YES;
				CLANG_WARN_BOOL_CONVERSION = YES;
				CLANG_WARN_COMMA = YES;
				CLANG_WARN_CONSTANT_CONVERSION = YES;
				CLANG_WARN_DEPRECATED_OBJC_IMPLEMENTATIONS = YES;
				CLANG_WARN_DIRECT_OBJC_ISA_USAGE = YES_ERROR;
				CLANG_WARN_DOCUMENTATION_COMMENTS = YES;
				CLANG_WARN_EMPTY_BODY = YES;
				CLANG_WARN_ENUM_CONVERSION = YES;
				CLANG_WARN_INFINITE_RECURSION = YES;
				CLANG_WARN_INT_CONVERSION = YES;
				CLANG_WARN_NON_LITERAL_NULL_CONVERSION = YES;
				CLANG_WARN_OBJC_IMPLICIT_RETAIN_SELF = YES;
				CLANG_WARN_OBJC_LITERAL_CONVERSION = YES;
				CLANG_WARN_OBJC_ROOT_CLASS = YES_ERROR;
				CLANG_WARN_RANGE_LOOP_ANALYSIS = YES;
				CLANG_WARN_STRICT_PROTOTYPES = YES;
				CLANG_WARN_SUSPICIOUS_MOVE = YES;
				CLANG_WARN_UNGUARDED_AVAILABILITY = YES_AGGRESSIVE;
				CLANG_WARN_UNREACHABLE_CODE = YES;
				CLANG_WARN__DUPLICATE_METHOD_MATCH = YES;
				CODE_SIGN_IDENTITY = "iPhone Developer";
				COPY_PHASE_STRIP = NO;
				DEBUG_INFORMATION_FORMAT = dwarf;
				ENABLE_STRICT_OBJC_MSGSEND = YES;
				ENABLE_TESTABILITY = YES;
				GCC_C_LANGUAGE_STANDARD = gnu11;
				GCC_DYNAMIC_NO_PIC = NO;
				GCC_NO_COMMON_BLOCKS = YES;
				GCC_OPTIMIZATION_LEVEL = 0;
				GCC_PREPROCESSOR_DEFINITIONS = (
					"DEBUG=1",
					"$(inherited)",
				);
				GCC_WARN_64_TO_32_BIT_CONVERSION = YES;
				GCC_WARN_ABOUT_RETURN_TYPE = YES_ERROR;
				GCC_WARN_UNDECLARED_SELECTOR = YES;
				GCC_WARN_UNINITIALIZED_AUTOS = YES_AGGRESSIVE;
				GCC_WARN_UNUSED_FUNCTION = YES;
				GCC_WARN_UNUSED_VARIABLE = YES;
				IPHONEOS_DEPLOYMENT_TARGET = 11.3;
				MTL_ENABLE_DEBUG_INFO = YES;
				ONLY_ACTIVE_ARCH = YES;
				SDKROOT = iphoneos;
			};
			name = Debug;
		};
		027D9B6F20AF159000FDD319 /* Release */ = {
			isa = XCBuildConfiguration;
			buildSettings = {
				ALWAYS_SEARCH_USER_PATHS = NO;
				CLANG_ANALYZER_NONNULL = YES;
				CLANG_ANALYZER_NUMBER_OBJECT_CONVERSION = YES_AGGRESSIVE;
				CLANG_CXX_LANGUAGE_STANDARD = "gnu++14";
				CLANG_CXX_LIBRARY = "libc++";
				CLANG_ENABLE_MODULES = YES;
				CLANG_ENABLE_OBJC_ARC = YES;
				CLANG_ENABLE_OBJC_WEAK = YES;
				CLANG_WARN_BLOCK_CAPTURE_AUTORELEASING = YES;
				CLANG_WARN_BOOL_CONVERSION = YES;
				CLANG_WARN_COMMA = YES;
				CLANG_WARN_CONSTANT_CONVERSION = YES;
				CLANG_WARN_DEPRECATED_OBJC_IMPLEMENTATIONS = YES;
				CLANG_WARN_DIRECT_OBJC_ISA_USAGE = YES_ERROR;
				CLANG_WARN_DOCUMENTATION_COMMENTS = YES;
				CLANG_WARN_EMPTY_BODY = YES;
				CLANG_WARN_ENUM_CONVERSION = YES;
				CLANG_WARN_INFINITE_RECURSION = YES;
				CLANG_WARN_INT_CONVERSION = YES;
				CLANG_WARN_NON_LITERAL_NULL_CONVERSION = YES;
				CLANG_WARN_OBJC_IMPLICIT_RETAIN_SELF = YES;
				CLANG_WARN_OBJC_LITERAL_CONVERSION = YES;
				CLANG_WARN_OBJC_ROOT_CLASS = YES_ERROR;
				CLANG_WARN_RANGE_LOOP_ANALYSIS = YES;
				CLANG_WARN_STRICT_PROTOTYPES = YES;
				CLANG_WARN_SUSPICIOUS_MOVE = YES;
				CLANG_WARN_UNGUARDED_AVAILABILITY = YES_AGGRESSIVE;
				CLANG_WARN_UNREACHABLE_CODE = YES;
				CLANG_WARN__DUPLICATE_METHOD_MATCH = YES;
				CODE_SIGN_IDENTITY = "iPhone Developer";
				COPY_PHASE_STRIP = NO;
				DEBUG_INFORMATION_FORMAT = "dwarf-with-dsym";
				ENABLE_NS_ASSERTIONS = NO;
				ENABLE_STRICT_OBJC_MSGSEND = YES;
				GCC_C_LANGUAGE_STANDARD = gnu11;
				GCC_NO_COMMON_BLOCKS = YES;
				GCC_WARN_64_TO_32_BIT_CONVERSION = YES;
				GCC_WARN_ABOUT_RETURN_TYPE = YES_ERROR;
				GCC_WARN_UNDECLARED_SELECTOR = YES;
				GCC_WARN_UNINITIALIZED_AUTOS = YES_AGGRESSIVE;
				GCC_WARN_UNUSED_FUNCTION = YES;
				GCC_WARN_UNUSED_VARIABLE = YES;
				IPHONEOS_DEPLOYMENT_TARGET = 11.3;
				MTL_ENABLE_DEBUG_INFO = NO;
				SDKROOT = iphoneos;
				VALIDATE_PRODUCT = YES;
			};
			name = Release;
		};
		027D9B7120AF159000FDD319 /* Debug */ = {
			isa = XCBuildConfiguration;
			buildSettings = {
				ASSETCATALOG_COMPILER_APPICON_NAME = AppIcon;
				CODE_SIGN_STYLE = Automatic;
				DEVELOPMENT_TEAM = TSTK2LVL9C;
				INFOPLIST_FILE = truco/Info.plist;
				IPHONEOS_DEPLOYMENT_TARGET = 11.0;
				LD_RUNPATH_SEARCH_PATHS = (
					"$(inherited)",
					"@executable_path/Frameworks",
				);
				PRODUCT_BUNDLE_IDENTIFIER = com.robertooliveira.truco;
				PRODUCT_NAME = "$(TARGET_NAME)";
				TARGETED_DEVICE_FAMILY = 1;
			};
			name = Debug;
		};
		027D9B7220AF159000FDD319 /* Release */ = {
			isa = XCBuildConfiguration;
			buildSettings = {
				ASSETCATALOG_COMPILER_APPICON_NAME = AppIcon;
				CODE_SIGN_STYLE = Automatic;
				DEVELOPMENT_TEAM = TSTK2LVL9C;
				INFOPLIST_FILE = truco/Info.plist;
				IPHONEOS_DEPLOYMENT_TARGET = 11.0;
				LD_RUNPATH_SEARCH_PATHS = (
					"$(inherited)",
					"@executable_path/Frameworks",
				);
				PRODUCT_BUNDLE_IDENTIFIER = com.robertooliveira.truco;
				PRODUCT_NAME = "$(TARGET_NAME)";
				TARGETED_DEVICE_FAMILY = 1;
			};
			name = Release;
		};
/* End XCBuildConfiguration section */

/* Begin XCConfigurationList section */
		027D9B5520AF158F00FDD319 /* Build configuration list for PBXProject "truco" */ = {
			isa = XCConfigurationList;
			buildConfigurations = (
				027D9B6E20AF159000FDD319 /* Debug */,
				027D9B6F20AF159000FDD319 /* Release */,
			);
			defaultConfigurationIsVisible = 0;
			defaultConfigurationName = Release;
		};
		027D9B7020AF159000FDD319 /* Build configuration list for PBXNativeTarget "truco" */ = {
			isa = XCConfigurationList;
			buildConfigurations = (
				027D9B7120AF159000FDD319 /* Debug */,
				027D9B7220AF159000FDD319 /* Release */,
			);
			defaultConfigurationIsVisible = 0;
			defaultConfigurationName = Release;
		};
/* End XCConfigurationList section */
	};
	rootObject = 027D9B5220AF158F00FDD319 /* Project object */;
}
